
Microsoft Visual Studio Solution File, Format Version 12.00
# Visual Studio Version 17
VisualStudioVersion = 17.8.34408.163
MinimumVisualStudioVersion = 10.0.40219.1
Project("{FAE04EC0-301F-11D3-BF4B-00C04F79EFBC}") = "programing_project_EE3254", "programing_project_EE3254\programing_project_EE3254.csproj", "{B89D0DC3-D5DA-4D72-A6F4-1933BB197B3A}"
EndProject
Project("{2150E333-8FDC-42A3-9474-1A3956D46DE8}") = "Solution Items", "Solution Items", "{22480404-C1C5-4C48-8B18-A79D034D82DD}"
	ProjectSection(SolutionItems) = preProject
		.editorconfig = .editorconfig
	EndProjectSection
EndProject
Global
	GlobalSection(SolutionConfigurationPlatforms) = preSolution
		Debug|Any CPU = Debug|Any CPU
		Release|Any CPU = Release|Any CPU
	EndGlobalSection
	GlobalSection(ProjectConfigurationPlatforms) = postSolution
		{B89D0DC3-D5DA-4D72-A6F4-1933BB197B3A}.Debug|Any CPU.ActiveCfg = Debug|Any CPU
		{B89D0DC3-D5DA-4D72-A6F4-1933BB197B3A}.Debug|Any CPU.Build.0 = Debug|Any CPU
		{B89D0DC3-D5DA-4D72-A6F4-1933BB197B3A}.Release|Any CPU.ActiveCfg = Release|Any CPU
		{B89D0DC3-D5DA-4D72-A6F4-1933BB197B3A}.Release|Any CPU.Build.0 = Release|Any CPU
	EndGlobalSection
	GlobalSection(SolutionProperties) = preSolution
		HideSolutionNode = FALSE
	EndGlobalSection
	GlobalSection(ExtensibilityGlobals) = postSolution
		SolutionGuid = {23624FEE-D1C4-4C6C-A60B-A0CB4FC5190E}
	EndGlobalSection
EndGlobal
